
Microsoft Visual Studio Solution File, Format Version 12.00
# Visual Studio Version 17
VisualStudioVersion = 17.9.34723.18
MinimumVisualStudioVersion = 10.0.40219.1
Project("{FAE04EC0-301F-11D3-BF4B-00C04F79EFBC}") = "gknTestApp", "gknTestApp\gknTestApp.csproj", "{B08F4402-C596-41AB-9DF2-2EF7502981F6}"
EndProject
Global
	GlobalSection(SolutionConfigurationPlatforms) = preSolution
		Debug|Any CPU = Debug|Any CPU
		Release|Any CPU = Release|Any CPU
	EndGlobalSection
	GlobalSection(ProjectConfigurationPlatforms) = postSolution
		{B08F4402-C596-41AB-9DF2-2EF7502981F6}.Debug|Any CPU.ActiveCfg = Debug|Any CPU
		{B08F4402-C596-41AB-9DF2-2EF7502981F6}.Debug|Any CPU.Build.0 = Debug|Any CPU
		{B08F4402-C596-41AB-9DF2-2EF7502981F6}.Release|Any CPU.ActiveCfg = Release|Any CPU
		{B08F4402-C596-41AB-9DF2-2EF7502981F6}.Release|Any CPU.Build.0 = Release|Any CPU
	EndGlobalSection
	GlobalSection(SolutionProperties) = preSolution
		HideSolutionNode = FALSE
	EndGlobalSection
	GlobalSection(ExtensibilityGlobals) = postSolution
		SolutionGuid = {307B0954-15F3-4AC7-8A25-B6EE26F82A8E}
	EndGlobalSection
EndGlobal
